
Microsoft Visual Studio Solution File, Format Version 12.00
# Visual Studio 15
VisualStudioVersion = 15.0.27703.2042
MinimumVisualStudioVersion = 10.0.40219.1
Project("{FAE04EC0-301F-11D3-BF4B-00C04F79EFBC}") = "Presentation", "WareHouse\Presentation.csproj", "{375395CD-3F8B-4BD0-A559-3705DCDF9286}"
EndProject
Global
	GlobalSection(SolutionConfigurationPlatforms) = preSolution
		Debug|Any CPU = Debug|Any CPU
		Release|Any CPU = Release|Any CPU
	EndGlobalSection
	GlobalSection(ProjectConfigurationPlatforms) = postSolution
		{375395CD-3F8B-4BD0-A559-3705DCDF9286}.Debug|Any CPU.ActiveCfg = Debug|Any CPU
		{375395CD-3F8B-4BD0-A559-3705DCDF9286}.Debug|Any CPU.Build.0 = Debug|Any CPU
		{375395CD-3F8B-4BD0-A559-3705DCDF9286}.Release|Any CPU.ActiveCfg = Release|Any CPU
		{375395CD-3F8B-4BD0-A559-3705DCDF9286}.Release|Any CPU.Build.0 = Release|Any CPU
	EndGlobalSection
	GlobalSection(SolutionProperties) = preSolution
		HideSolutionNode = FALSE
	EndGlobalSection
	GlobalSection(ExtensibilityGlobals) = postSolution
		SolutionGuid = {F0D51249-81BF-41EB-AF93-D2D2C9AFBB44}
	EndGlobalSection
EndGlobal
